// !$*UTF8*$!
{
	archiveVersion = 1;
	classes = {
	};
	objectVersion = 46;
	objects = {

/* Begin PBXBuildFile section */
		FC8065B31A41CEC600AC0C9B /* Board Background.png in Resources */ = {isa = PBXBuildFile; fileRef = FC8065B21A41CEC600AC0C9B /* Board Background.png */; };
		FCDFEF1C1A3FEE8200D6D263 /* AppDelegate.swift in Sources */ = {isa = PBXBuildFile; fileRef = FCDFEF1B1A3FEE8200D6D263 /* AppDelegate.swift */; };
		FCDFEF201A3FEE8200D6D263 /* GameScene.swift in Sources */ = {isa = PBXBuildFile; fileRef = FCDFEF1F1A3FEE8200D6D263 /* GameScene.swift */; };
		FCDFEF221A3FEE8200D6D263 /* GameViewController.swift in Sources */ = {isa = PBXBuildFile; fileRef = FCDFEF211A3FEE8200D6D263 /* GameViewController.swift */; };
		FCDFEF251A3FEE8200D6D263 /* Main.storyboard in Resources */ = {isa = PBXBuildFile; fileRef = FCDFEF231A3FEE8200D6D263 /* Main.storyboard */; };
		FCDFEF271A3FEE8200D6D263 /* Images.xcassets in Resources */ = {isa = PBXBuildFile; fileRef = FCDFEF261A3FEE8200D6D263 /* Images.xcassets */; };
		FCDFEF2A1A3FEE8200D6D263 /* LaunchScreen.xib in Resources */ = {isa = PBXBuildFile; fileRef = FCDFEF281A3FEE8200D6D263 /* LaunchScreen.xib */; };
		FCDFEF361A3FEE8200D6D263 /* Twenty48Tests.swift in Sources */ = {isa = PBXBuildFile; fileRef = FCDFEF351A3FEE8200D6D263 /* Twenty48Tests.swift */; };
		FCDFEF401A3FEEEF00D6D263 /* Block.swift in Sources */ = {isa = PBXBuildFile; fileRef = FCDFEF3F1A3FEEEF00D6D263 /* Block.swift */; };
		FCDFEF421A3FEF6500D6D263 /* Array2D.swift in Sources */ = {isa = PBXBuildFile; fileRef = FCDFEF411A3FEF6500D6D263 /* Array2D.swift */; };
		FCDFEF441A3FEF7F00D6D263 /* Twenty48.swift in Sources */ = {isa = PBXBuildFile; fileRef = FCDFEF431A3FEF7F00D6D263 /* Twenty48.swift */; };
/* End PBXBuildFile section */

/* Begin PBXContainerItemProxy section */
		FCDFEF301A3FEE8200D6D263 /* PBXContainerItemProxy */ = {
			isa = PBXContainerItemProxy;
			containerPortal = FCDFEF0E1A3FEE8200D6D263 /* Project object */;
			proxyType = 1;
			remoteGlobalIDString = FCDFEF151A3FEE8200D6D263;
			remoteInfo = Twenty48;
		};
/* End PBXContainerItemProxy section */

/* Begin PBXFileReference section */
		FC8065B21A41CEC600AC0C9B /* Board Background.png */ = {isa = PBXFileReference; lastKnownFileType = image.png; path = "Board Background.png"; sourceTree = "<group>"; };
		FCDFEF161A3FEE8200D6D263 /* Twenty48.app */ = {isa = PBXFileReference; explicitFileType = wrapper.application; includeInIndex = 0; path = Twenty48.app; sourceTree = BUILT_PRODUCTS_DIR; };
		FCDFEF1A1A3FEE8200D6D263 /* Info.plist */ = {isa = PBXFileReference; lastKnownFileType = text.plist.xml; path = Info.plist; sourceTree = "<group>"; };
		FCDFEF1B1A3FEE8200D6D263 /* AppDelegate.swift */ = {isa = PBXFileReference; lastKnownFileType = sourcecode.swift; path = AppDelegate.swift; sourceTree = "<group>"; };
		FCDFEF1F1A3FEE8200D6D263 /* GameScene.swift */ = {isa = PBXFileReference; lastKnownFileType = sourcecode.swift; path = GameScene.swift; sourceTree = "<group>"; };
		FCDFEF211A3FEE8200D6D263 /* GameViewController.swift */ = {isa = PBXFileReference; lastKnownFileType = sourcecode.swift; path = GameViewController.swift; sourceTree = "<group>"; };
		FCDFEF241A3FEE8200D6D263 /* Base */ = {isa = PBXFileReference; lastKnownFileType = file.storyboard; name = Base; path = Base.lproj/Main.storyboard; sourceTree = "<group>"; };
		FCDFEF261A3FEE8200D6D263 /* Images.xcassets */ = {isa = PBXFileReference; lastKnownFileType = folder.assetcatalog; path = Images.xcassets; sourceTree = "<group>"; };
		FCDFEF291A3FEE8200D6D263 /* Base */ = {isa = PBXFileReference; lastKnownFileType = file.xib; name = Base; path = Base.lproj/LaunchScreen.xib; sourceTree = "<group>"; };
		FCDFEF2F1A3FEE8200D6D263 /* Twenty48Tests.xctest */ = {isa = PBXFileReference; explicitFileType = wrapper.cfbundle; includeInIndex = 0; path = Twenty48Tests.xctest; sourceTree = BUILT_PRODUCTS_DIR; };
		FCDFEF341A3FEE8200D6D263 /* Info.plist */ = {isa = PBXFileReference; lastKnownFileType = text.plist.xml; path = Info.plist; sourceTree = "<group>"; };
		FCDFEF351A3FEE8200D6D263 /* Twenty48Tests.swift */ = {isa = PBXFileReference; lastKnownFileType = sourcecode.swift; path = Twenty48Tests.swift; sourceTree = "<group>"; };
		FCDFEF3F1A3FEEEF00D6D263 /* Block.swift */ = {isa = PBXFileReference; fileEncoding = 4; lastKnownFileType = sourcecode.swift; path = Block.swift; sourceTree = "<group>"; };
		FCDFEF411A3FEF6500D6D263 /* Array2D.swift */ = {isa = PBXFileReference; fileEncoding = 4; lastKnownFileType = sourcecode.swift; path = Array2D.swift; sourceTree = "<group>"; };
		FCDFEF431A3FEF7F00D6D263 /* Twenty48.swift */ = {isa = PBXFileReference; fileEncoding = 4; lastKnownFileType = sourcecode.swift; path = Twenty48.swift; sourceTree = "<group>"; };
/* End PBXFileReference section */

/* Begin PBXFrameworksBuildPhase section */
		FCDFEF131A3FEE8200D6D263 /* Frameworks */ = {
			isa = PBXFrameworksBuildPhase;
			buildActionMask = 2147483647;
			files = (
			);
			runOnlyForDeploymentPostprocessing = 0;
		};
		FCDFEF2C1A3FEE8200D6D263 /* Frameworks */ = {
			isa = PBXFrameworksBuildPhase;
			buildActionMask = 2147483647;
			files = (
			);
			runOnlyForDeploymentPostprocessing = 0;
		};
/* End PBXFrameworksBuildPhase section */

/* Begin PBXGroup section */
		FCDFEF0D1A3FEE8200D6D263 = {
			isa = PBXGroup;
			children = (
				FCDFEF181A3FEE8200D6D263 /* Twenty48 */,
				FCDFEF321A3FEE8200D6D263 /* Twenty48Tests */,
				FCDFEF171A3FEE8200D6D263 /* Products */,
			);
			sourceTree = "<group>";
		};
		FCDFEF171A3FEE8200D6D263 /* Products */ = {
			isa = PBXGroup;
			children = (
				FCDFEF161A3FEE8200D6D263 /* Twenty48.app */,
				FCDFEF2F1A3FEE8200D6D263 /* Twenty48Tests.xctest */,
			);
			name = Products;
			sourceTree = "<group>";
		};
		FCDFEF181A3FEE8200D6D263 /* Twenty48 */ = {
			isa = PBXGroup;
			children = (
				FCDFEF1B1A3FEE8200D6D263 /* AppDelegate.swift */,
				FCDFEF1F1A3FEE8200D6D263 /* GameScene.swift */,
				FCDFEF211A3FEE8200D6D263 /* GameViewController.swift */,
				FCDFEF3F1A3FEEEF00D6D263 /* Block.swift */,
				FCDFEF411A3FEF6500D6D263 /* Array2D.swift */,
				FCDFEF431A3FEF7F00D6D263 /* Twenty48.swift */,
				FCDFEF231A3FEE8200D6D263 /* Main.storyboard */,
				FCDFEF261A3FEE8200D6D263 /* Images.xcassets */,
				FCDFEF281A3FEE8200D6D263 /* LaunchScreen.xib */,
				FCDFEF191A3FEE8200D6D263 /* Supporting Files */,
			);
			path = Twenty48;
			sourceTree = "<group>";
		};
		FCDFEF191A3FEE8200D6D263 /* Supporting Files */ = {
			isa = PBXGroup;
			children = (
				FC8065B21A41CEC600AC0C9B /* Board Background.png */,
				FCDFEF1A1A3FEE8200D6D263 /* Info.plist */,
			);
			name = "Supporting Files";
			sourceTree = "<group>";
		};
		FCDFEF321A3FEE8200D6D263 /* Twenty48Tests */ = {
			isa = PBXGroup;
			children = (
				FCDFEF351A3FEE8200D6D263 /* Twenty48Tests.swift */,
				FCDFEF331A3FEE8200D6D263 /* Supporting Files */,
			);
			path = Twenty48Tests;
			sourceTree = "<group>";
		};
		FCDFEF331A3FEE8200D6D263 /* Supporting Files */ = {
			isa = PBXGroup;
			children = (
				FCDFEF341A3FEE8200D6D263 /* Info.plist */,
			);
			name = "Supporting Files";
			sourceTree = "<group>";
		};
/* End PBXGroup section */

/* Begin PBXNativeTarget section */
		FCDFEF151A3FEE8200D6D263 /* Twenty48 */ = {
			isa = PBXNativeTarget;
			buildConfigurationList = FCDFEF391A3FEE8200D6D263 /* Build configuration list for PBXNativeTarget "Twenty48" */;
			buildPhases = (
				FCDFEF121A3FEE8200D6D263 /* Sources */,
				FCDFEF131A3FEE8200D6D263 /* Frameworks */,
				FCDFEF141A3FEE8200D6D263 /* Resources */,
			);
			buildRules = (
			);
			dependencies = (
			);
			name = Twenty48;
			productName = Twenty48;
			productReference = FCDFEF161A3FEE8200D6D263 /* Twenty48.app */;
			productType = "com.apple.product-type.application";
		};
		FCDFEF2E1A3FEE8200D6D263 /* Twenty48Tests */ = {
			isa = PBXNativeTarget;
			buildConfigurationList = FCDFEF3C1A3FEE8200D6D263 /* Build configuration list for PBXNativeTarget "Twenty48Tests" */;
			buildPhases = (
				FCDFEF2B1A3FEE8200D6D263 /* Sources */,
				FCDFEF2C1A3FEE8200D6D263 /* Frameworks */,
				FCDFEF2D1A3FEE8200D6D263 /* Resources */,
			);
			buildRules = (
			);
			dependencies = (
				FCDFEF311A3FEE8200D6D263 /* PBXTargetDependency */,
			);
			name = Twenty48Tests;
			productName = Twenty48Tests;
			productReference = FCDFEF2F1A3FEE8200D6D263 /* Twenty48Tests.xctest */;
			productType = "com.apple.product-type.bundle.unit-test";
		};
/* End PBXNativeTarget section */

/* Begin PBXProject section */
		FCDFEF0E1A3FEE8200D6D263 /* Project object */ = {
			isa = PBXProject;
			attributes = {
				LastUpgradeCheck = 0610;
				ORGANIZATIONNAME = "Austin Wu";
				TargetAttributes = {
					FCDFEF151A3FEE8200D6D263 = {
						CreatedOnToolsVersion = 6.1.1;
					};
					FCDFEF2E1A3FEE8200D6D263 = {
						CreatedOnToolsVersion = 6.1.1;
						TestTargetID = FCDFEF151A3FEE8200D6D263;
					};
				};
			};
			buildConfigurationList = FCDFEF111A3FEE8200D6D263 /* Build configuration list for PBXProject "Twenty48" */;
			compatibilityVersion = "Xcode 3.2";
			developmentRegion = English;
			hasScannedForEncodings = 0;
			knownRegions = (
				en,
				Base,
			);
			mainGroup = FCDFEF0D1A3FEE8200D6D263;
			productRefGroup = FCDFEF171A3FEE8200D6D263 /* Products */;
			projectDirPath = "";
			projectRoot = "";
			targets = (
				FCDFEF151A3FEE8200D6D263 /* Twenty48 */,
				FCDFEF2E1A3FEE8200D6D263 /* Twenty48Tests */,
			);
		};
/* End PBXProject section */

/* Begin PBXResourcesBuildPhase section */
		FCDFEF141A3FEE8200D6D263 /* Resources */ = {
			isa = PBXResourcesBuildPhase;
			buildActionMask = 2147483647;
			files = (
				FCDFEF2A1A3FEE8200D6D263 /* LaunchScreen.xib in Resources */,
				FCDFEF271A3FEE8200D6D263 /* Images.xcassets in Resources */,
				FCDFEF251A3FEE8200D6D263 /* Main.storyboard in Resources */,
				FC8065B31A41CEC600AC0C9B /* Board Background.png in Resources */,
			);
			runOnlyForDeploymentPostprocessing = 0;
		};
		FCDFEF2D1A3FEE8200D6D263 /* Resources */ = {
			isa = PBXResourcesBuildPhase;
			buildActionMask = 2147483647;
			files = (
			);
			runOnlyForDeploymentPostprocessing = 0;
		};
/* End PBXResourcesBuildPhase section */

/* Begin PBXSourcesBuildPhase section */
		FCDFEF121A3FEE8200D6D263 /* Sources */ = {
			isa = PBXSourcesBuildPhase;
			buildActionMask = 2147483647;
			files = (
				FCDFEF201A3FEE8200D6D263 /* GameScene.swift in Sources */,
				FCDFEF401A3FEEEF00D6D263 /* Block.swift in Sources */,
				FCDFEF441A3FEF7F00D6D263 /* Twenty48.swift in Sources */,
				FCDFEF221A3FEE8200D6D263 /* GameViewController.swift in Sources */,
				FCDFEF1C1A3FEE8200D6D263 /* AppDelegate.swift in Sources */,
				FCDFEF421A3FEF6500D6D263 /* Array2D.swift in Sources */,
			);
			runOnlyForDeploymentPostprocessing = 0;
		};
		FCDFEF2B1A3FEE8200D6D263 /* Sources */ = {
			isa = PBXSourcesBuildPhase;
			buildActionMask = 2147483647;
			files = (
				FCDFEF361A3FEE8200D6D263 /* Twenty48Tests.swift in Sources */,
			);
			runOnlyForDeploymentPostprocessing = 0;
		};
/* End PBXSourcesBuildPhase section */

/* Begin PBXTargetDependency section */
		FCDFEF311A3FEE8200D6D263 /* PBXTargetDependency */ = {
			isa = PBXTargetDependency;
			target = FCDFEF151A3FEE8200D6D263 /* Twenty48 */;
			targetProxy = FCDFEF301A3FEE8200D6D263 /* PBXContainerItemProxy */;
		};
/* End PBXTargetDependency section */

/* Begin PBXVariantGroup section */
		FCDFEF231A3FEE8200D6D263 /* Main.storyboard */ = {
			isa = PBXVariantGroup;
			children = (
				FCDFEF241A3FEE8200D6D263 /* Base */,
			);
			name = Main.storyboard;
			sourceTree = "<group>";
		};
		FCDFEF281A3FEE8200D6D263 /* LaunchScreen.xib */ = {
			isa = PBXVariantGroup;
			children = (
				FCDFEF291A3FEE8200D6D263 /* Base */,
			);
			name = LaunchScreen.xib;
			sourceTree = "<group>";
		};
/* End PBXVariantGroup section */

/* Begin XCBuildConfiguration section */
		FCDFEF371A3FEE8200D6D263 /* Debug */ = {
			isa = XCBuildConfiguration;
			buildSettings = {
				ALWAYS_SEARCH_USER_PATHS = NO;
				CLANG_CXX_LANGUAGE_STANDARD = "gnu++0x";
				CLANG_CXX_LIBRARY = "libc++";
				CLANG_ENABLE_MODULES = YES;
				CLANG_ENABLE_OBJC_ARC = YES;
				CLANG_WARN_BOOL_CONVERSION = YES;
				CLANG_WARN_CONSTANT_CONVERSION = YES;
				CLANG_WARN_DIRECT_OBJC_ISA_USAGE = YES_ERROR;
				CLANG_WARN_EMPTY_BODY = YES;
				CLANG_WARN_ENUM_CONVERSION = YES;
				CLANG_WARN_INT_CONVERSION = YES;
				CLANG_WARN_OBJC_ROOT_CLASS = YES_ERROR;
				CLANG_WARN_UNREACHABLE_CODE = YES;
				CLANG_WARN__DUPLICATE_METHOD_MATCH = YES;
				"CODE_SIGN_IDENTITY[sdk=iphoneos*]" = "iPhone Developer";
				COPY_PHASE_STRIP = NO;
				ENABLE_STRICT_OBJC_MSGSEND = YES;
				GCC_C_LANGUAGE_STANDARD = gnu99;
				GCC_DYNAMIC_NO_PIC = NO;
				GCC_OPTIMIZATION_LEVEL = 0;
				GCC_PREPROCESSOR_DEFINITIONS = (
					"DEBUG=1",
					"$(inherited)",
				);
				GCC_SYMBOLS_PRIVATE_EXTERN = NO;
				GCC_WARN_64_TO_32_BIT_CONVERSION = YES;
				GCC_WARN_ABOUT_RETURN_TYPE = YES_ERROR;
				GCC_WARN_UNDECLARED_SELECTOR = YES;
				GCC_WARN_UNINITIALIZED_AUTOS = YES_AGGRESSIVE;
				GCC_WARN_UNUSED_FUNCTION = YES;
				GCC_WARN_UNUSED_VARIABLE = YES;
				IPHONEOS_DEPLOYMENT_TARGET = 8.1;
				MTL_ENABLE_DEBUG_INFO = YES;
				ONLY_ACTIVE_ARCH = YES;
				SDKROOT = iphoneos;
				SWIFT_OPTIMIZATION_LEVEL = "-Onone";
			};
			name = Debug;
		};
		FCDFEF381A3FEE8200D6D263 /* Release */ = {
			isa = XCBuildConfiguration;
			buildSettings = {
				ALWAYS_SEARCH_USER_PATHS = NO;
				CLANG_CXX_LANGUAGE_STANDARD = "gnu++0x";
				CLANG_CXX_LIBRARY = "libc++";
				CLANG_ENABLE_MODULES = YES;
				CLANG_ENABLE_OBJC_ARC = YES;
				CLANG_WARN_BOOL_CONVERSION = YES;
				CLANG_WARN_CONSTANT_CONVERSION = YES;
				CLANG_WARN_DIRECT_OBJC_ISA_USAGE = YES_ERROR;
				CLANG_WARN_EMPTY_BODY = YES;
				CLANG_WARN_ENUM_CONVERSION = YES;
				CLANG_WARN_INT_CONVERSION = YES;
				CLANG_WARN_OBJC_ROOT_CLASS = YES_ERROR;
				CLANG_WARN_UNREACHABLE_CODE = YES;
				CLANG_WARN__DUPLICATE_METHOD_MATCH = YES;
				"CODE_SIGN_IDENTITY[sdk=iphoneos*]" = "iPhone Developer";
				COPY_PHASE_STRIP = YES;
				ENABLE_NS_ASSERTIONS = NO;
				ENABLE_STRICT_OBJC_MSGSEND = YES;
				GCC_C_LANGUAGE_STANDARD = gnu99;
				GCC_WARN_64_TO_32_BIT_CONVERSION = YES;
				GCC_WARN_ABOUT_RETURN_TYPE = YES_ERROR;
				GCC_WARN_UNDECLARED_SELECTOR = YES;
				GCC_WARN_UNINITIALIZED_AUTOS = YES_AGGRESSIVE;
				GCC_WARN_UNUSED_FUNCTION = YES;
				GCC_WARN_UNUSED_VARIABLE = YES;
				IPHONEOS_DEPLOYMENT_TARGET = 8.1;
				MTL_ENABLE_DEBUG_INFO = NO;
				SDKROOT = iphoneos;
				VALIDATE_PRODUCT = YES;
			};
			name = Release;
		};
		FCDFEF3A1A3FEE8200D6D263 /* Debug */ = {
			isa = XCBuildConfiguration;
			buildSettings = {
				ASSETCATALOG_COMPILER_APPICON_NAME = AppIcon;
				INFOPLIST_FILE = Twenty48/Info.plist;
				LD_RUNPATH_SEARCH_PATHS = "$(inherited) @executable_path/Frameworks";
				PRODUCT_NAME = "$(TARGET_NAME)";
			};
			name = Debug;
		};
		FCDFEF3B1A3FEE8200D6D263 /* Release */ = {
			isa = XCBuildConfiguration;
			buildSettings = {
				ASSETCATALOG_COMPILER_APPICON_NAME = AppIcon;
				INFOPLIST_FILE = Twenty48/Info.plist;
				LD_RUNPATH_SEARCH_PATHS = "$(inherited) @executable_path/Frameworks";
				PRODUCT_NAME = "$(TARGET_NAME)";
			};
			name = Release;
		};
		FCDFEF3D1A3FEE8200D6D263 /* Debug */ = {
			isa = XCBuildConfiguration;
			buildSettings = {
				BUNDLE_LOADER = "$(TEST_HOST)";
				FRAMEWORK_SEARCH_PATHS = (
					"$(SDKROOT)/Developer/Library/Frameworks",
					"$(inherited)",
				);
				GCC_PREPROCESSOR_DEFINITIONS = (
					"DEBUG=1",
					"$(inherited)",
				);
				INFOPLIST_FILE = Twenty48Tests/Info.plist;
				LD_RUNPATH_SEARCH_PATHS = "$(inherited) @executable_path/Frameworks @loader_path/Frameworks";
				PRODUCT_NAME = "$(TARGET_NAME)";
				TEST_HOST = "$(BUILT_PRODUCTS_DIR)/Twenty48.app/Twenty48";
			};
			name = Debug;
		};
		FCDFEF3E1A3FEE8200D6D263 /* Release */ = {
			isa = XCBuildConfiguration;
			buildSettings = {
				BUNDLE_LOADER = "$(TEST_HOST)";
				FRAMEWORK_SEARCH_PATHS = (
					"$(SDKROOT)/Developer/Library/Frameworks",
					"$(inherited)",
				);
				INFOPLIST_FILE = Twenty48Tests/Info.plist;
				LD_RUNPATH_SEARCH_PATHS = "$(inherited) @executable_path/Frameworks @loader_path/Frameworks";
				PRODUCT_NAME = "$(TARGET_NAME)";
				TEST_HOST = "$(BUILT_PRODUCTS_DIR)/Twenty48.app/Twenty48";
			};
			name = Release;
		};
/* End XCBuildConfiguration section */

/* Begin XCConfigurationList section */
		FCDFEF111A3FEE8200D6D263 /* Build configuration list for PBXProject "Twenty48" */ = {
			isa = XCConfigurationList;
			buildConfigurations = (
				FCDFEF371A3FEE8200D6D263 /* Debug */,
				FCDFEF381A3FEE8200D6D263 /* Release */,
			);
			defaultConfigurationIsVisible = 0;
			defaultConfigurationName = Release;
		};
		FCDFEF391A3FEE8200D6D263 /* Build configuration list for PBXNativeTarget "Twenty48" */ = {
			isa = XCConfigurationList;
			buildConfigurations = (
				FCDFEF3A1A3FEE8200D6D263 /* Debug */,
				FCDFEF3B1A3FEE8200D6D263 /* Release */,
			);
			defaultConfigurationIsVisible = 0;
			defaultConfigurationName = Release;
		};
		FCDFEF3C1A3FEE8200D6D263 /* Build configuration list for PBXNativeTarget "Twenty48Tests" */ = {
			isa = XCConfigurationList;
			buildConfigurations = (
				FCDFEF3D1A3FEE8200D6D263 /* Debug */,
				FCDFEF3E1A3FEE8200D6D263 /* Release */,
			);
			defaultConfigurationIsVisible = 0;
			defaultConfigurationName = Release;
		};
/* End XCConfigurationList section */
	};
	rootObject = FCDFEF0E1A3FEE8200D6D263 /* Project object */;
}
